<?xml version="1.0" encoding="utf-8"?>
<Project xmlns="http://schemas.microsoft.com/developer/msbuild/2003">
  <ItemGroup>
    <Filter Include="Form Files">
      <UniqueIdentifier>{99349809-55BA-4b9d-BF79-8FDBB0286EB3}</UniqueIdentifier>
      <Extensions>ui</Extensions>
      <ParseFiles>false</ParseFiles>
    </Filter>
    <Filter Include="Form Files">
      <UniqueIdentifier>{99349809-55BA-4b9d-BF79-8FDBB0286EB3}</UniqueIdentifier>
      <Extensions>ui</Extensions>
      <ParseFiles>false</ParseFiles>
    </Filter>
    <Filter Include="Generated Files">
      <UniqueIdentifier>{71ED8ED8-ACB9-4CE9-BBE1-E00B30144E11}</UniqueIdentifier>
      <Extensions>cpp;c;cxx;moc;h;def;odl;idl;res;</Extensions>
    </Filter>
    <Filter Include="Generated Files">
      <UniqueIdentifier>{71ED8ED8-ACB9-4CE9-BBE1-E00B30144E11}</UniqueIdentifier>
      <Extensions>cpp;c;cxx;moc;h;def;odl;idl;res;</Extensions>
    </Filter>
    <Filter Include="Header Files">
      <UniqueIdentifier>{93995380-89BD-4b04-88EB-625FBE52EBFB}</UniqueIdentifier>
      <Extensions>h;hpp;hxx;hm;inl;inc;xsd</Extensions>
    </Filter>
    <Filter Include="Header Files">
      <UniqueIdentifier>{93995380-89BD-4b04-88EB-625FBE52EBFB}</UniqueIdentifier>
      <Extensions>h;hpp;hxx;hm;inl;inc;xsd</Extensions>
    </Filter>
    <Filter Include="Source Files">
      <UniqueIdentifier>{4FC737F1-C7A5-4376-A066-2A32D752A2FF}</UniqueIdentifier>
      <Extensions>cpp;c;cxx;def;odl;idl;hpj;bat;asm;asmx</Extensions>
    </Filter>
    <Filter Include="Source Files">
      <UniqueIdentifier>{4FC737F1-C7A5-4376-A066-2A32D752A2FF}</UniqueIdentifier>
      <Extensions>cpp;c;cxx;def;odl;idl;hpj;bat;asm;asmx</Extensions>
    </Filter>
  </ItemGroup>
  <ItemGroup>
    <ClCompile Include="library\src\BufferedReader.cpp">
      <Filter>Source Files</Filter>
    </ClCompile>
    <ClCompile Include="library\src\ComConnection.cpp">
      <Filter>Source Files</Filter>
    </ClCompile>
    <ClCompile Include="library\src\CombinedApi.cpp">
      <Filter>Source Files</Filter>
    </ClCompile>
    <ClCompile Include="library\src\GbfButton1D.cpp">
      <Filter>Source Files</Filter>
    </ClCompile>
    <ClCompile Include="library\src\GbfComponent.cpp">
      <Filter>Source Files</Filter>
    </ClCompile>
    <ClCompile Include="library\src\GbfContainer.cpp">
      <Filter>Source Files</Filter>
    </ClCompile>
    <ClCompile Include="library\src\GbfData3D.cpp">
      <Filter>Source Files</Filter>
    </ClCompile>
    <ClCompile Include="library\src\GbfData6D.cpp">
      <Filter>Source Files</Filter>
    </ClCompile>
    <ClCompile Include="library\src\GbfFrame.cpp">
      <Filter>Source Files</Filter>
    </ClCompile>
    <ClCompile Include="library\src\GbfSystemAlert.cpp">
      <Filter>Source Files</Filter>
    </ClCompile>
    <ClCompile Include="library\src\MarkerData.cpp">
      <Filter>Source Files</Filter>
    </ClCompile>
    <ClCompile Include="library\src\PortHandleInfo.cpp">
      <Filter>Source Files</Filter>
    </ClCompile>
    <ClCompile Include="library\src\SystemAlert.cpp">
      <Filter>Source Files</Filter>
    </ClCompile>
    <ClCompile Include="library\src\SystemCRC.cpp">
      <Filter>Source Files</Filter>
    </ClCompile>
    <ClCompile Include="library\src\ToolData.cpp">
      <Filter>Source Files</Filter>
    </ClCompile>
    <ClCompile Include="library\src\Transform.cpp">
      <Filter>Source Files</Filter>
    </ClCompile>
    <ClCompile Include="main.cpp">
      <Filter>Source Files</Filter>
    </ClCompile>
    <ClCompile Include="mainwindow.cpp">
      <Filter>Source Files</Filter>
    </ClCompile>
    <ClCompile Include="mythread.cpp">
      <Filter>Source Files</Filter>
    </ClCompile>
    <ClCompile Include="processtrackingdata.cpp">
      <Filter>Source Files</Filter>
    </ClCompile>
  </ItemGroup>
  <ItemGroup>
    <ClInclude Include="library\src\include\BufferedReader.h">
      <Filter>Header Files</Filter>
    </ClInclude>
    <ClInclude Include="library\src\include\ComConnection.h">
      <Filter>Header Files</Filter>
    </ClInclude>
    <QtMoc Include="library\include\CombinedApi.h">
      <Filter>Header Files</Filter>
    </QtMoc>
    <ClInclude Include="library\src\include\Connection.h">
      <Filter>Header Files</Filter>
    </ClInclude>
    <ClInclude Include="library\src\include\GbfButton1D.h">
      <Filter>Header Files</Filter>
    </ClInclude>
    <ClInclude Include="library\src\include\GbfComponent.h">
      <Filter>Header Files</Filter>
    </ClInclude>
    <ClInclude Include="library\src\include\GbfContainer.h">
      <Filter>Header Files</Filter>
    </ClInclude>
    <ClInclude Include="library\src\include\GbfData3D.h">
      <Filter>Header Files</Filter>
    </ClInclude>
    <ClInclude Include="library\src\include\GbfData6D.h">
      <Filter>Header Files</Filter>
    </ClInclude>
    <ClInclude Include="library\src\include\GbfFrame.h">
      <Filter>Header Files</Filter>
    </ClInclude>
    <ClInclude Include="library\src\include\GbfSystemAlert.h">
      <Filter>Header Files</Filter>
    </ClInclude>
    <ClInclude Include="library\include\MarkerData.h">
      <Filter>Header Files</Filter>
    </ClInclude>
    <ClInclude Include="library\include\PortHandleInfo.h">
      <Filter>Header Files</Filter>
    </ClInclude>
    <ClInclude Include="library\include\SystemAlert.h">
      <Filter>Header Files</Filter>
    </ClInclude>
    <ClInclude Include="library\src\include\SystemCRC.h">
      <Filter>Header Files</Filter>
    </ClInclude>
    <ClInclude Include="library\include\ToolData.h">
      <Filter>Header Files</Filter>
    </ClInclude>
    <ClInclude Include="library\include\Transform.h">
      <Filter>Header Files</Filter>
    </ClInclude>
    <QtMoc Include="mainwindow.h">
      <Filter>Header Files</Filter>
    </QtMoc>
    <QtMoc Include="mythread.h">
      <Filter>Header Files</Filter>
    </QtMoc>
    <ClInclude Include="processtrackingdata.h">
      <Filter>Header Files</Filter>
    </ClInclude>
    <ClInclude Include="library\src\include\qinfofile.h">
      <Filter>Header Files</Filter>
    </ClInclude>
  </ItemGroup>
  <ItemGroup>
    
    
    
    
    
    
    <CustomBuild Include="debug\moc_predefs.h.cbt">
      <Filter>Generated Files</Filter>
    </CustomBuild>
    <CustomBuild Include="release\moc_predefs.h.cbt">
      <Filter>Generated Files</Filter>
    </CustomBuild>
    <ClInclude Include="ui_mainwindow.h">
      <Filter>Generated Files</Filter>
    </ClInclude>
  </ItemGroup>
  <ItemGroup>
    <QtUic Include="mainwindow.ui">
      <Filter>Form Files</Filter>
    </QtUic>
  </ItemGroup>
</Project>